
Microsoft Visual Studio Solution File, Format Version 12.00
# Visual Studio 14
VisualStudioVersion = 14.0.24720.0
MinimumVisualStudioVersion = 10.0.40219.1
Project("{8BC9CEB8-8B4A-11D0-8D11-00A0C91BC942}") = "arkanoid", "arkanoid\arkanoid.vcxproj", "{E665CA08-29C0-4002-AFF8-F1AA5D629D9E}"
	ProjectSection(ProjectDependencies) = postProject
		{DC2083B2-41E9-4BC0-8BAA-16F7AB651733} = {DC2083B2-41E9-4BC0-8BAA-16F7AB651733}
		{B0876CB5-12D1-3CE2-AE73-AD2EE247A491} = {B0876CB5-12D1-3CE2-AE73-AD2EE247A491}
		{E2DD51C1-3379-4643-B5A1-D26F68CD75C6} = {E2DD51C1-3379-4643-B5A1-D26F68CD75C6}
	EndProjectSection
EndProject
Project("{8BC9CEB8-8B4A-11D0-8D11-00A0C91BC942}") = "arkanoid-model", "arkanoid-model\arkanoid-model.vcxproj", "{DC2083B2-41E9-4BC0-8BAA-16F7AB651733}"
EndProject
Project("{8BC9CEB8-8B4A-11D0-8D11-00A0C91BC942}") = "tests-arkanoid-model", "tests-arkanoid-model\tests-arkanoid-model.vcxproj", "{2F565228-D2B5-44CF-B5F5-346F0C8046C6}"
EndProject
Project("{8BC9CEB8-8B4A-11D0-8D11-00A0C91BC942}") = "arkanoid-network", "arkanoid-network\arkanoid-network.vcxproj", "{E2DD51C1-3379-4643-B5A1-D26F68CD75C6}"
EndProject
Project("{8BC9CEB8-8B4A-11D0-8D11-00A0C91BC942}") = "test-arkanoid-network", "test-arkanoid-network\test-arkanoid-network.vcxproj", "{2B4DFBA9-546D-4720-BFEA-E6C8798268DC}"
EndProject
Project("{8BC9CEB8-8B4A-11D0-8D11-00A0C91BC942}") = "freeglut_static", "freeglut-3.0.0\freeglut_static.vcxproj", "{B0876CB5-12D1-3CE2-AE73-AD2EE247A491}"
EndProject
Global
	GlobalSection(SolutionConfigurationPlatforms) = preSolution
		Debug|Mixed Platforms = Debug|Mixed Platforms
		Debug|Win32 = Debug|Win32
		Debug|x64 = Debug|x64
		Debug|x86 = Debug|x86
		MinSizeRel|Mixed Platforms = MinSizeRel|Mixed Platforms
		MinSizeRel|Win32 = MinSizeRel|Win32
		MinSizeRel|x64 = MinSizeRel|x64
		MinSizeRel|x86 = MinSizeRel|x86
		Release|Mixed Platforms = Release|Mixed Platforms
		Release|Win32 = Release|Win32
		Release|x64 = Release|x64
		Release|x86 = Release|x86
		RelWithDebInfo|Mixed Platforms = RelWithDebInfo|Mixed Platforms
		RelWithDebInfo|Win32 = RelWithDebInfo|Win32
		RelWithDebInfo|x64 = RelWithDebInfo|x64
		RelWithDebInfo|x86 = RelWithDebInfo|x86
	EndGlobalSection
	GlobalSection(ProjectConfigurationPlatforms) = postSolution
		{E665CA08-29C0-4002-AFF8-F1AA5D629D9E}.Debug|Mixed Platforms.ActiveCfg = Debug|Win32
		{E665CA08-29C0-4002-AFF8-F1AA5D629D9E}.Debug|Mixed Platforms.Build.0 = Debug|Win32
		{E665CA08-29C0-4002-AFF8-F1AA5D629D9E}.Debug|Win32.ActiveCfg = Debug|Win32
		{E665CA08-29C0-4002-AFF8-F1AA5D629D9E}.Debug|Win32.Build.0 = Debug|Win32
		{E665CA08-29C0-4002-AFF8-F1AA5D629D9E}.Debug|x64.ActiveCfg = Debug|x64
		{E665CA08-29C0-4002-AFF8-F1AA5D629D9E}.Debug|x64.Build.0 = Debug|x64
		{E665CA08-29C0-4002-AFF8-F1AA5D629D9E}.Debug|x64.Deploy.0 = Debug|x64
		{E665CA08-29C0-4002-AFF8-F1AA5D629D9E}.Debug|x86.ActiveCfg = Debug|Win32
		{E665CA08-29C0-4002-AFF8-F1AA5D629D9E}.Debug|x86.Build.0 = Debug|Win32
		{E665CA08-29C0-4002-AFF8-F1AA5D629D9E}.MinSizeRel|Mixed Platforms.ActiveCfg = Release|Win32
		{E665CA08-29C0-4002-AFF8-F1AA5D629D9E}.MinSizeRel|Mixed Platforms.Build.0 = Release|Win32
		{E665CA08-29C0-4002-AFF8-F1AA5D629D9E}.MinSizeRel|Win32.ActiveCfg = Release|Win32
		{E665CA08-29C0-4002-AFF8-F1AA5D629D9E}.MinSizeRel|Win32.Build.0 = Release|Win32
		{E665CA08-29C0-4002-AFF8-F1AA5D629D9E}.MinSizeRel|x64.ActiveCfg = Release|x64
		{E665CA08-29C0-4002-AFF8-F1AA5D629D9E}.MinSizeRel|x64.Build.0 = Release|x64
		{E665CA08-29C0-4002-AFF8-F1AA5D629D9E}.MinSizeRel|x86.ActiveCfg = Release|Win32
		{E665CA08-29C0-4002-AFF8-F1AA5D629D9E}.MinSizeRel|x86.Build.0 = Release|Win32
		{E665CA08-29C0-4002-AFF8-F1AA5D629D9E}.Release|Mixed Platforms.ActiveCfg = Release|Win32
		{E665CA08-29C0-4002-AFF8-F1AA5D629D9E}.Release|Mixed Platforms.Build.0 = Release|Win32
		{E665CA08-29C0-4002-AFF8-F1AA5D629D9E}.Release|Win32.ActiveCfg = Release|Win32
		{E665CA08-29C0-4002-AFF8-F1AA5D629D9E}.Release|Win32.Build.0 = Release|Win32
		{E665CA08-29C0-4002-AFF8-F1AA5D629D9E}.Release|x64.ActiveCfg = Release|x64
		{E665CA08-29C0-4002-AFF8-F1AA5D629D9E}.Release|x64.Build.0 = Release|x64
		{E665CA08-29C0-4002-AFF8-F1AA5D629D9E}.Release|x86.ActiveCfg = Release|Win32
		{E665CA08-29C0-4002-AFF8-F1AA5D629D9E}.Release|x86.Build.0 = Release|Win32
		{E665CA08-29C0-4002-AFF8-F1AA5D629D9E}.RelWithDebInfo|Mixed Platforms.ActiveCfg = Release|Win32
		{E665CA08-29C0-4002-AFF8-F1AA5D629D9E}.RelWithDebInfo|Mixed Platforms.Build.0 = Release|Win32
		{E665CA08-29C0-4002-AFF8-F1AA5D629D9E}.RelWithDebInfo|Win32.ActiveCfg = Release|Win32
		{E665CA08-29C0-4002-AFF8-F1AA5D629D9E}.RelWithDebInfo|Win32.Build.0 = Release|Win32
		{E665CA08-29C0-4002-AFF8-F1AA5D629D9E}.RelWithDebInfo|x64.ActiveCfg = Release|x64
		{E665CA08-29C0-4002-AFF8-F1AA5D629D9E}.RelWithDebInfo|x64.Build.0 = Release|x64
		{E665CA08-29C0-4002-AFF8-F1AA5D629D9E}.RelWithDebInfo|x86.ActiveCfg = Release|Win32
		{E665CA08-29C0-4002-AFF8-F1AA5D629D9E}.RelWithDebInfo|x86.Build.0 = Release|Win32
		{DC2083B2-41E9-4BC0-8BAA-16F7AB651733}.Debug|Mixed Platforms.ActiveCfg = Debug|Win32
		{DC2083B2-41E9-4BC0-8BAA-16F7AB651733}.Debug|Mixed Platforms.Build.0 = Debug|Win32
		{DC2083B2-41E9-4BC0-8BAA-16F7AB651733}.Debug|Win32.ActiveCfg = Debug|Win32
		{DC2083B2-41E9-4BC0-8BAA-16F7AB651733}.Debug|Win32.Build.0 = Debug|Win32
		{DC2083B2-41E9-4BC0-8BAA-16F7AB651733}.Debug|x64.ActiveCfg = Debug|x64
		{DC2083B2-41E9-4BC0-8BAA-16F7AB651733}.Debug|x64.Build.0 = Debug|x64
		{DC2083B2-41E9-4BC0-8BAA-16F7AB651733}.Debug|x86.ActiveCfg = Debug|Win32
		{DC2083B2-41E9-4BC0-8BAA-16F7AB651733}.Debug|x86.Build.0 = Debug|Win32
		{DC2083B2-41E9-4BC0-8BAA-16F7AB651733}.MinSizeRel|Mixed Platforms.ActiveCfg = Release|Win32
		{DC2083B2-41E9-4BC0-8BAA-16F7AB651733}.MinSizeRel|Mixed Platforms.Build.0 = Release|Win32
		{DC2083B2-41E9-4BC0-8BAA-16F7AB651733}.MinSizeRel|Win32.ActiveCfg = Release|Win32
		{DC2083B2-41E9-4BC0-8BAA-16F7AB651733}.MinSizeRel|Win32.Build.0 = Release|Win32
		{DC2083B2-41E9-4BC0-8BAA-16F7AB651733}.MinSizeRel|x64.ActiveCfg = Release|x64
		{DC2083B2-41E9-4BC0-8BAA-16F7AB651733}.MinSizeRel|x64.Build.0 = Release|x64
		{DC2083B2-41E9-4BC0-8BAA-16F7AB651733}.MinSizeRel|x86.ActiveCfg = Release|Win32
		{DC2083B2-41E9-4BC0-8BAA-16F7AB651733}.MinSizeRel|x86.Build.0 = Release|Win32
		{DC2083B2-41E9-4BC0-8BAA-16F7AB651733}.Release|Mixed Platforms.ActiveCfg = Release|Win32
		{DC2083B2-41E9-4BC0-8BAA-16F7AB651733}.Release|Mixed Platforms.Build.0 = Release|Win32
		{DC2083B2-41E9-4BC0-8BAA-16F7AB651733}.Release|Win32.ActiveCfg = Release|Win32
		{DC2083B2-41E9-4BC0-8BAA-16F7AB651733}.Release|Win32.Build.0 = Release|Win32
		{DC2083B2-41E9-4BC0-8BAA-16F7AB651733}.Release|x64.ActiveCfg = Release|x64
		{DC2083B2-41E9-4BC0-8BAA-16F7AB651733}.Release|x64.Build.0 = Release|x64
		{DC2083B2-41E9-4BC0-8BAA-16F7AB651733}.Release|x86.ActiveCfg = Release|Win32
		{DC2083B2-41E9-4BC0-8BAA-16F7AB651733}.Release|x86.Build.0 = Release|Win32
		{DC2083B2-41E9-4BC0-8BAA-16F7AB651733}.RelWithDebInfo|Mixed Platforms.ActiveCfg = Release|Win32
		{DC2083B2-41E9-4BC0-8BAA-16F7AB651733}.RelWithDebInfo|Mixed Platforms.Build.0 = Release|Win32
		{DC2083B2-41E9-4BC0-8BAA-16F7AB651733}.RelWithDebInfo|Win32.ActiveCfg = Release|Win32
		{DC2083B2-41E9-4BC0-8BAA-16F7AB651733}.RelWithDebInfo|Win32.Build.0 = Release|Win32
		{DC2083B2-41E9-4BC0-8BAA-16F7AB651733}.RelWithDebInfo|x64.ActiveCfg = Release|x64
		{DC2083B2-41E9-4BC0-8BAA-16F7AB651733}.RelWithDebInfo|x64.Build.0 = Release|x64
		{DC2083B2-41E9-4BC0-8BAA-16F7AB651733}.RelWithDebInfo|x86.ActiveCfg = Release|Win32
		{DC2083B2-41E9-4BC0-8BAA-16F7AB651733}.RelWithDebInfo|x86.Build.0 = Release|Win32
		{2F565228-D2B5-44CF-B5F5-346F0C8046C6}.Debug|Mixed Platforms.ActiveCfg = Debug|Win32
		{2F565228-D2B5-44CF-B5F5-346F0C8046C6}.Debug|Mixed Platforms.Build.0 = Debug|Win32
		{2F565228-D2B5-44CF-B5F5-346F0C8046C6}.Debug|Win32.ActiveCfg = Debug|Win32
		{2F565228-D2B5-44CF-B5F5-346F0C8046C6}.Debug|Win32.Build.0 = Debug|Win32
		{2F565228-D2B5-44CF-B5F5-346F0C8046C6}.Debug|x64.ActiveCfg = Debug|x64
		{2F565228-D2B5-44CF-B5F5-346F0C8046C6}.Debug|x64.Build.0 = Debug|x64
		{2F565228-D2B5-44CF-B5F5-346F0C8046C6}.Debug|x86.ActiveCfg = Debug|Win32
		{2F565228-D2B5-44CF-B5F5-346F0C8046C6}.Debug|x86.Build.0 = Debug|Win32
		{2F565228-D2B5-44CF-B5F5-346F0C8046C6}.MinSizeRel|Mixed Platforms.ActiveCfg = Release|Win32
		{2F565228-D2B5-44CF-B5F5-346F0C8046C6}.MinSizeRel|Mixed Platforms.Build.0 = Release|Win32
		{2F565228-D2B5-44CF-B5F5-346F0C8046C6}.MinSizeRel|Win32.ActiveCfg = Release|Win32
		{2F565228-D2B5-44CF-B5F5-346F0C8046C6}.MinSizeRel|Win32.Build.0 = Release|Win32
		{2F565228-D2B5-44CF-B5F5-346F0C8046C6}.MinSizeRel|x64.ActiveCfg = Release|x64
		{2F565228-D2B5-44CF-B5F5-346F0C8046C6}.MinSizeRel|x64.Build.0 = Release|x64
		{2F565228-D2B5-44CF-B5F5-346F0C8046C6}.MinSizeRel|x86.ActiveCfg = Release|Win32
		{2F565228-D2B5-44CF-B5F5-346F0C8046C6}.MinSizeRel|x86.Build.0 = Release|Win32
		{2F565228-D2B5-44CF-B5F5-346F0C8046C6}.Release|Mixed Platforms.ActiveCfg = Release|Win32
		{2F565228-D2B5-44CF-B5F5-346F0C8046C6}.Release|Mixed Platforms.Build.0 = Release|Win32
		{2F565228-D2B5-44CF-B5F5-346F0C8046C6}.Release|Win32.ActiveCfg = Release|Win32
		{2F565228-D2B5-44CF-B5F5-346F0C8046C6}.Release|Win32.Build.0 = Release|Win32
		{2F565228-D2B5-44CF-B5F5-346F0C8046C6}.Release|x64.ActiveCfg = Release|x64
		{2F565228-D2B5-44CF-B5F5-346F0C8046C6}.Release|x64.Build.0 = Release|x64
		{2F565228-D2B5-44CF-B5F5-346F0C8046C6}.Release|x86.ActiveCfg = Release|Win32
		{2F565228-D2B5-44CF-B5F5-346F0C8046C6}.Release|x86.Build.0 = Release|Win32
		{2F565228-D2B5-44CF-B5F5-346F0C8046C6}.RelWithDebInfo|Mixed Platforms.ActiveCfg = Release|Win32
		{2F565228-D2B5-44CF-B5F5-346F0C8046C6}.RelWithDebInfo|Mixed Platforms.Build.0 = Release|Win32
		{2F565228-D2B5-44CF-B5F5-346F0C8046C6}.RelWithDebInfo|Win32.ActiveCfg = Release|Win32
		{2F565228-D2B5-44CF-B5F5-346F0C8046C6}.RelWithDebInfo|Win32.Build.0 = Release|Win32
		{2F565228-D2B5-44CF-B5F5-346F0C8046C6}.RelWithDebInfo|x64.ActiveCfg = Release|x64
		{2F565228-D2B5-44CF-B5F5-346F0C8046C6}.RelWithDebInfo|x64.Build.0 = Release|x64
		{2F565228-D2B5-44CF-B5F5-346F0C8046C6}.RelWithDebInfo|x86.ActiveCfg = Release|Win32
		{2F565228-D2B5-44CF-B5F5-346F0C8046C6}.RelWithDebInfo|x86.Build.0 = Release|Win32
		{E2DD51C1-3379-4643-B5A1-D26F68CD75C6}.Debug|Mixed Platforms.ActiveCfg = Debug|Win32
		{E2DD51C1-3379-4643-B5A1-D26F68CD75C6}.Debug|Mixed Platforms.Build.0 = Debug|Win32
		{E2DD51C1-3379-4643-B5A1-D26F68CD75C6}.Debug|Win32.ActiveCfg = Debug|Win32
		{E2DD51C1-3379-4643-B5A1-D26F68CD75C6}.Debug|Win32.Build.0 = Debug|Win32
		{E2DD51C1-3379-4643-B5A1-D26F68CD75C6}.Debug|x64.ActiveCfg = Debug|x64
		{E2DD51C1-3379-4643-B5A1-D26F68CD75C6}.Debug|x64.Build.0 = Debug|x64
		{E2DD51C1-3379-4643-B5A1-D26F68CD75C6}.Debug|x86.ActiveCfg = Debug|Win32
		{E2DD51C1-3379-4643-B5A1-D26F68CD75C6}.Debug|x86.Build.0 = Debug|Win32
		{E2DD51C1-3379-4643-B5A1-D26F68CD75C6}.MinSizeRel|Mixed Platforms.ActiveCfg = Release|Win32
		{E2DD51C1-3379-4643-B5A1-D26F68CD75C6}.MinSizeRel|Mixed Platforms.Build.0 = Release|Win32
		{E2DD51C1-3379-4643-B5A1-D26F68CD75C6}.MinSizeRel|Win32.ActiveCfg = Release|Win32
		{E2DD51C1-3379-4643-B5A1-D26F68CD75C6}.MinSizeRel|Win32.Build.0 = Release|Win32
		{E2DD51C1-3379-4643-B5A1-D26F68CD75C6}.MinSizeRel|x64.ActiveCfg = Release|x64
		{E2DD51C1-3379-4643-B5A1-D26F68CD75C6}.MinSizeRel|x64.Build.0 = Release|x64
		{E2DD51C1-3379-4643-B5A1-D26F68CD75C6}.MinSizeRel|x86.ActiveCfg = Release|Win32
		{E2DD51C1-3379-4643-B5A1-D26F68CD75C6}.MinSizeRel|x86.Build.0 = Release|Win32
		{E2DD51C1-3379-4643-B5A1-D26F68CD75C6}.Release|Mixed Platforms.ActiveCfg = Release|Win32
		{E2DD51C1-3379-4643-B5A1-D26F68CD75C6}.Release|Mixed Platforms.Build.0 = Release|Win32
		{E2DD51C1-3379-4643-B5A1-D26F68CD75C6}.Release|Win32.ActiveCfg = Release|Win32
		{E2DD51C1-3379-4643-B5A1-D26F68CD75C6}.Release|Win32.Build.0 = Release|Win32
		{E2DD51C1-3379-4643-B5A1-D26F68CD75C6}.Release|x64.ActiveCfg = Release|x64
		{E2DD51C1-3379-4643-B5A1-D26F68CD75C6}.Release|x64.Build.0 = Release|x64
		{E2DD51C1-3379-4643-B5A1-D26F68CD75C6}.Release|x86.ActiveCfg = Release|Win32
		{E2DD51C1-3379-4643-B5A1-D26F68CD75C6}.Release|x86.Build.0 = Release|Win32
		{E2DD51C1-3379-4643-B5A1-D26F68CD75C6}.RelWithDebInfo|Mixed Platforms.ActiveCfg = Release|Win32
		{E2DD51C1-3379-4643-B5A1-D26F68CD75C6}.RelWithDebInfo|Mixed Platforms.Build.0 = Release|Win32
		{E2DD51C1-3379-4643-B5A1-D26F68CD75C6}.RelWithDebInfo|Win32.ActiveCfg = Release|Win32
		{E2DD51C1-3379-4643-B5A1-D26F68CD75C6}.RelWithDebInfo|Win32.Build.0 = Release|Win32
		{E2DD51C1-3379-4643-B5A1-D26F68CD75C6}.RelWithDebInfo|x64.ActiveCfg = Release|x64
		{E2DD51C1-3379-4643-B5A1-D26F68CD75C6}.RelWithDebInfo|x64.Build.0 = Release|x64
		{E2DD51C1-3379-4643-B5A1-D26F68CD75C6}.RelWithDebInfo|x86.ActiveCfg = Release|Win32
		{E2DD51C1-3379-4643-B5A1-D26F68CD75C6}.RelWithDebInfo|x86.Build.0 = Release|Win32
		{2B4DFBA9-546D-4720-BFEA-E6C8798268DC}.Debug|Mixed Platforms.ActiveCfg = Debug|Win32
		{2B4DFBA9-546D-4720-BFEA-E6C8798268DC}.Debug|Mixed Platforms.Build.0 = Debug|Win32
		{2B4DFBA9-546D-4720-BFEA-E6C8798268DC}.Debug|Win32.ActiveCfg = Debug|Win32
		{2B4DFBA9-546D-4720-BFEA-E6C8798268DC}.Debug|Win32.Build.0 = Debug|Win32
		{2B4DFBA9-546D-4720-BFEA-E6C8798268DC}.Debug|x64.ActiveCfg = Debug|x64
		{2B4DFBA9-546D-4720-BFEA-E6C8798268DC}.Debug|x64.Build.0 = Debug|x64
		{2B4DFBA9-546D-4720-BFEA-E6C8798268DC}.Debug|x86.ActiveCfg = Debug|Win32
		{2B4DFBA9-546D-4720-BFEA-E6C8798268DC}.Debug|x86.Build.0 = Debug|Win32
		{2B4DFBA9-546D-4720-BFEA-E6C8798268DC}.MinSizeRel|Mixed Platforms.ActiveCfg = Release|Win32
		{2B4DFBA9-546D-4720-BFEA-E6C8798268DC}.MinSizeRel|Mixed Platforms.Build.0 = Release|Win32
		{2B4DFBA9-546D-4720-BFEA-E6C8798268DC}.MinSizeRel|Win32.ActiveCfg = Release|Win32
		{2B4DFBA9-546D-4720-BFEA-E6C8798268DC}.MinSizeRel|Win32.Build.0 = Release|Win32
		{2B4DFBA9-546D-4720-BFEA-E6C8798268DC}.MinSizeRel|x64.ActiveCfg = Release|x64
		{2B4DFBA9-546D-4720-BFEA-E6C8798268DC}.MinSizeRel|x64.Build.0 = Release|x64
		{2B4DFBA9-546D-4720-BFEA-E6C8798268DC}.MinSizeRel|x86.ActiveCfg = Release|Win32
		{2B4DFBA9-546D-4720-BFEA-E6C8798268DC}.MinSizeRel|x86.Build.0 = Release|Win32
		{2B4DFBA9-546D-4720-BFEA-E6C8798268DC}.Release|Mixed Platforms.ActiveCfg = Release|Win32
		{2B4DFBA9-546D-4720-BFEA-E6C8798268DC}.Release|Mixed Platforms.Build.0 = Release|Win32
		{2B4DFBA9-546D-4720-BFEA-E6C8798268DC}.Release|Win32.ActiveCfg = Release|Win32
		{2B4DFBA9-546D-4720-BFEA-E6C8798268DC}.Release|Win32.Build.0 = Release|Win32
		{2B4DFBA9-546D-4720-BFEA-E6C8798268DC}.Release|x64.ActiveCfg = Release|x64
		{2B4DFBA9-546D-4720-BFEA-E6C8798268DC}.Release|x64.Build.0 = Release|x64
		{2B4DFBA9-546D-4720-BFEA-E6C8798268DC}.Release|x86.ActiveCfg = Release|Win32
		{2B4DFBA9-546D-4720-BFEA-E6C8798268DC}.Release|x86.Build.0 = Release|Win32
		{2B4DFBA9-546D-4720-BFEA-E6C8798268DC}.RelWithDebInfo|Mixed Platforms.ActiveCfg = Release|Win32
		{2B4DFBA9-546D-4720-BFEA-E6C8798268DC}.RelWithDebInfo|Mixed Platforms.Build.0 = Release|Win32
		{2B4DFBA9-546D-4720-BFEA-E6C8798268DC}.RelWithDebInfo|Win32.ActiveCfg = Release|Win32
		{2B4DFBA9-546D-4720-BFEA-E6C8798268DC}.RelWithDebInfo|Win32.Build.0 = Release|Win32
		{2B4DFBA9-546D-4720-BFEA-E6C8798268DC}.RelWithDebInfo|x64.ActiveCfg = Release|x64
		{2B4DFBA9-546D-4720-BFEA-E6C8798268DC}.RelWithDebInfo|x64.Build.0 = Release|x64
		{2B4DFBA9-546D-4720-BFEA-E6C8798268DC}.RelWithDebInfo|x86.ActiveCfg = Release|Win32
		{2B4DFBA9-546D-4720-BFEA-E6C8798268DC}.RelWithDebInfo|x86.Build.0 = Release|Win32
		{B0876CB5-12D1-3CE2-AE73-AD2EE247A491}.Debug|Mixed Platforms.ActiveCfg = Debug|Win32
		{B0876CB5-12D1-3CE2-AE73-AD2EE247A491}.Debug|Mixed Platforms.Build.0 = Debug|Win32
		{B0876CB5-12D1-3CE2-AE73-AD2EE247A491}.Debug|Win32.ActiveCfg = Debug|Win32
		{B0876CB5-12D1-3CE2-AE73-AD2EE247A491}.Debug|Win32.Build.0 = Debug|Win32
		{B0876CB5-12D1-3CE2-AE73-AD2EE247A491}.Debug|x64.ActiveCfg = Debug|x64
		{B0876CB5-12D1-3CE2-AE73-AD2EE247A491}.Debug|x64.Build.0 = Debug|x64
		{B0876CB5-12D1-3CE2-AE73-AD2EE247A491}.Debug|x86.ActiveCfg = Debug|Win32
		{B0876CB5-12D1-3CE2-AE73-AD2EE247A491}.Debug|x86.Build.0 = Debug|Win32
		{B0876CB5-12D1-3CE2-AE73-AD2EE247A491}.MinSizeRel|Mixed Platforms.ActiveCfg = MinSizeRel|Win32
		{B0876CB5-12D1-3CE2-AE73-AD2EE247A491}.MinSizeRel|Mixed Platforms.Build.0 = MinSizeRel|Win32
		{B0876CB5-12D1-3CE2-AE73-AD2EE247A491}.MinSizeRel|Win32.ActiveCfg = MinSizeRel|Win32
		{B0876CB5-12D1-3CE2-AE73-AD2EE247A491}.MinSizeRel|Win32.Build.0 = MinSizeRel|Win32
		{B0876CB5-12D1-3CE2-AE73-AD2EE247A491}.MinSizeRel|x64.ActiveCfg = MinSizeRel|x64
		{B0876CB5-12D1-3CE2-AE73-AD2EE247A491}.MinSizeRel|x64.Build.0 = MinSizeRel|x64
		{B0876CB5-12D1-3CE2-AE73-AD2EE247A491}.MinSizeRel|x86.ActiveCfg = MinSizeRel|Win32
		{B0876CB5-12D1-3CE2-AE73-AD2EE247A491}.MinSizeRel|x86.Build.0 = MinSizeRel|Win32
		{B0876CB5-12D1-3CE2-AE73-AD2EE247A491}.Release|Mixed Platforms.ActiveCfg = Release|Win32
		{B0876CB5-12D1-3CE2-AE73-AD2EE247A491}.Release|Mixed Platforms.Build.0 = Release|Win32
		{B0876CB5-12D1-3CE2-AE73-AD2EE247A491}.Release|Win32.ActiveCfg = Release|Win32
		{B0876CB5-12D1-3CE2-AE73-AD2EE247A491}.Release|Win32.Build.0 = Release|Win32
		{B0876CB5-12D1-3CE2-AE73-AD2EE247A491}.Release|x64.ActiveCfg = Release|x64
		{B0876CB5-12D1-3CE2-AE73-AD2EE247A491}.Release|x64.Build.0 = Release|x64
		{B0876CB5-12D1-3CE2-AE73-AD2EE247A491}.Release|x86.ActiveCfg = Release|Win32
		{B0876CB5-12D1-3CE2-AE73-AD2EE247A491}.Release|x86.Build.0 = Release|Win32
		{B0876CB5-12D1-3CE2-AE73-AD2EE247A491}.RelWithDebInfo|Mixed Platforms.ActiveCfg = RelWithDebInfo|Win32
		{B0876CB5-12D1-3CE2-AE73-AD2EE247A491}.RelWithDebInfo|Mixed Platforms.Build.0 = RelWithDebInfo|Win32
		{B0876CB5-12D1-3CE2-AE73-AD2EE247A491}.RelWithDebInfo|Win32.ActiveCfg = RelWithDebInfo|Win32
		{B0876CB5-12D1-3CE2-AE73-AD2EE247A491}.RelWithDebInfo|Win32.Build.0 = RelWithDebInfo|Win32
		{B0876CB5-12D1-3CE2-AE73-AD2EE247A491}.RelWithDebInfo|x64.ActiveCfg = RelWithDebInfo|x64
		{B0876CB5-12D1-3CE2-AE73-AD2EE247A491}.RelWithDebInfo|x64.Build.0 = RelWithDebInfo|x64
		{B0876CB5-12D1-3CE2-AE73-AD2EE247A491}.RelWithDebInfo|x86.ActiveCfg = RelWithDebInfo|Win32
		{B0876CB5-12D1-3CE2-AE73-AD2EE247A491}.RelWithDebInfo|x86.Build.0 = RelWithDebInfo|Win32
	EndGlobalSection
	GlobalSection(SolutionProperties) = preSolution
		HideSolutionNode = FALSE
	EndGlobalSection
EndGlobal
