<?xml version="1.0" encoding="utf-8"?>
<Project ToolsVersion="12.0" xmlns="http://schemas.microsoft.com/developer/msbuild/2003">
  <ItemGroup>
    <ClCompile Include="$(SolutionDir)\freeglut-3.0.0\src\fg_callbacks.c" />
    <ClCompile Include="$(SolutionDir)\freeglut-3.0.0\src\fg_cursor.c" />
    <ClCompile Include="$(SolutionDir)\freeglut-3.0.0\src\fg_display.c" />
    <ClCompile Include="$(SolutionDir)\freeglut-3.0.0\src\fg_ext.c" />
    <ClCompile Include="$(SolutionDir)\freeglut-3.0.0\src\fg_font_data.c" />
    <ClCompile Include="$(SolutionDir)\freeglut-3.0.0\src\fg_gamemode.c" />
    <ClCompile Include="$(SolutionDir)\freeglut-3.0.0\src\fg_geometry.c" />
    <ClCompile Include="$(SolutionDir)\freeglut-3.0.0\src\fg_gl2.c" />
    <ClCompile Include="$(SolutionDir)\freeglut-3.0.0\src\fg_init.c" />
    <ClCompile Include="$(SolutionDir)\freeglut-3.0.0\src\fg_input_devices.c" />
    <ClCompile Include="$(SolutionDir)\freeglut-3.0.0\src\fg_joystick.c" />
    <ClCompile Include="$(SolutionDir)\freeglut-3.0.0\src\fg_main.c" />
    <ClCompile Include="$(SolutionDir)\freeglut-3.0.0\src\fg_misc.c" />
    <ClCompile Include="$(SolutionDir)\freeglut-3.0.0\src\fg_overlay.c" />
    <ClCompile Include="$(SolutionDir)\freeglut-3.0.0\src\fg_spaceball.c" />
    <ClCompile Include="$(SolutionDir)\freeglut-3.0.0\src\fg_state.c" />
    <ClCompile Include="$(SolutionDir)\freeglut-3.0.0\src\fg_stroke_mono_roman.c" />
    <ClCompile Include="$(SolutionDir)\freeglut-3.0.0\src\fg_stroke_roman.c" />
    <ClCompile Include="$(SolutionDir)\freeglut-3.0.0\src\fg_structure.c" />
    <ClCompile Include="$(SolutionDir)\freeglut-3.0.0\src\fg_teapot.c" />
    <ClCompile Include="$(SolutionDir)\freeglut-3.0.0\src\fg_videoresize.c" />
    <ClCompile Include="$(SolutionDir)\freeglut-3.0.0\src\fg_window.c" />
    <ClCompile Include="$(SolutionDir)\freeglut-3.0.0\src\fg_font.c" />
    <ClCompile Include="$(SolutionDir)\freeglut-3.0.0\src\fg_menu.c" />
    <ClCompile Include="$(SolutionDir)\freeglut-3.0.0\src\mswin\fg_cursor_mswin.c" />
    <ClCompile Include="$(SolutionDir)\freeglut-3.0.0\src\mswin\fg_display_mswin.c" />
    <ClCompile Include="$(SolutionDir)\freeglut-3.0.0\src\mswin\fg_ext_mswin.c" />
    <ClCompile Include="$(SolutionDir)\freeglut-3.0.0\src\mswin\fg_gamemode_mswin.c" />
    <ClCompile Include="$(SolutionDir)\freeglut-3.0.0\src\mswin\fg_init_mswin.c" />
    <ClCompile Include="$(SolutionDir)\freeglut-3.0.0\src\mswin\fg_input_devices_mswin.c" />
    <ClCompile Include="$(SolutionDir)\freeglut-3.0.0\src\mswin\fg_joystick_mswin.c" />
    <ClCompile Include="$(SolutionDir)\freeglut-3.0.0\src\mswin\fg_main_mswin.c" />
    <ClCompile Include="$(SolutionDir)\freeglut-3.0.0\src\mswin\fg_menu_mswin.c" />
    <ClCompile Include="$(SolutionDir)\freeglut-3.0.0\src\mswin\fg_spaceball_mswin.c" />
    <ClCompile Include="$(SolutionDir)\freeglut-3.0.0\src\mswin\fg_state_mswin.c" />
    <ClCompile Include="$(SolutionDir)\freeglut-3.0.0\src\mswin\fg_structure_mswin.c" />
    <ClCompile Include="$(SolutionDir)\freeglut-3.0.0\src\mswin\fg_window_mswin.c" />
    <ClCompile Include="$(SolutionDir)\freeglut-3.0.0\src\util\xparsegeometry_repl.c" />
  </ItemGroup>
  <ItemGroup>
    <ClInclude Include="$(SolutionDir)\freeglut-3.0.0\include\GL\freeglut.h" />
    <ClInclude Include="$(SolutionDir)\freeglut-3.0.0\include\GL\freeglut_ext.h" />
    <ClInclude Include="$(SolutionDir)\freeglut-3.0.0\include\GL\freeglut_std.h" />
    <ClInclude Include="$(SolutionDir)\freeglut-3.0.0\include\GL\glut.h" />
    <ClInclude Include="$(SolutionDir)\freeglut-3.0.0\src\fg_gl2.h" />
    <ClInclude Include="$(SolutionDir)\freeglut-3.0.0\src\fg_init.h" />
    <ClInclude Include="$(SolutionDir)\freeglut-3.0.0\src\fg_internal.h" />
    <ClInclude Include="$(SolutionDir)\freeglut-3.0.0\src\fg_teapot_data.h" />
    <ClInclude Include="$(SolutionDir)\freeglut-3.0.0\src\mswin\fg_internal_mswin.h" />
    <ClInclude Include="$(SolutionDir)\freeglut-3.0.0\src\util\xparsegeometry_repl.h" />
  </ItemGroup>
  <ItemGroup>
    <None Include="$(SolutionDir)\freeglut-3.0.0\freeglutdll.def" />
  </ItemGroup>
  <ItemGroup>
    <ResourceCompile Include="$(SolutionDir)\freeglut-3.0.0\freeglut.rc" />
  </ItemGroup>
  <ItemGroup>
    <Filter Include="Source Files">
      <UniqueIdentifier>{7AC7C425-344B-38E3-B2F4-797B4850180B}</UniqueIdentifier>
    </Filter>
    <Filter Include="Header Files">
      <UniqueIdentifier>{D8FBE8F8-D5C1-3C7E-80EB-1F8D54B2569F}</UniqueIdentifier>
    </Filter>
  </ItemGroup>
</Project>