Microsoft Visual Studio Solution File, Format Version 12.00
# Visual Studio Express 2013 for Windows Desktop
Project("{8BC9CEB8-8B4A-11D0-8D11-00A0C91BC942}") = "ALL_BUILD", "ALL_BUILD.vcxproj", "{628A2981-BE41-3CFB-8108-DE3C215C7628}"
	ProjectSection(ProjectDependencies) = postProject
		{B34484A1-C127-3642-B70C-BB1B5D9D9CFE} = {B34484A1-C127-3642-B70C-BB1B5D9D9CFE}
		{4ADB8576-6D19-3560-A384-B0EDD94EC113} = {4ADB8576-6D19-3560-A384-B0EDD94EC113}
		{C694C147-7CDF-33C2-95B9-4B4715214D18} = {C694C147-7CDF-33C2-95B9-4B4715214D18}
		{CB934033-6F71-3002-B6A4-3D6A01E63B74} = {CB934033-6F71-3002-B6A4-3D6A01E63B74}
		{805285A7-A3FC-39DE-9A9B-BC1A37F3B893} = {805285A7-A3FC-39DE-9A9B-BC1A37F3B893}
		{7A7FA045-3738-3A2E-9701-7AA1F2263331} = {7A7FA045-3738-3A2E-9701-7AA1F2263331}
		{63428E63-CBEF-3B96-BBD5-E5827EC3CCE5} = {63428E63-CBEF-3B96-BBD5-E5827EC3CCE5}
		{B0876CB5-12D1-3CE2-AE73-AD2EE247A491} = {B0876CB5-12D1-3CE2-AE73-AD2EE247A491}
		{77E9EE02-75C0-34D8-9802-AA93DFB8F0FF} = {77E9EE02-75C0-34D8-9802-AA93DFB8F0FF}
		{9349D837-7AC0-39AF-BDD2-179E77B2BAAB} = {9349D837-7AC0-39AF-BDD2-179E77B2BAAB}
		{D9745631-8EA9-3F94-A99A-CBEDE4D0C63C} = {D9745631-8EA9-3F94-A99A-CBEDE4D0C63C}
		{C0905A33-8C0B-3FBF-9EFF-BC7FA4739118} = {C0905A33-8C0B-3FBF-9EFF-BC7FA4739118}
		{4FC66F74-322D-355C-9408-84AD3AE091C7} = {4FC66F74-322D-355C-9408-84AD3AE091C7}
	EndProjectSection
EndProject
Project("{8BC9CEB8-8B4A-11D0-8D11-00A0C91BC942}") = "CallbackMaker_static", "CallbackMaker_static.vcxproj", "{B34484A1-C127-3642-B70C-BB1B5D9D9CFE}"
	ProjectSection(ProjectDependencies) = postProject
		{63428E63-CBEF-3B96-BBD5-E5827EC3CCE5} = {63428E63-CBEF-3B96-BBD5-E5827EC3CCE5}
		{B0876CB5-12D1-3CE2-AE73-AD2EE247A491} = {B0876CB5-12D1-3CE2-AE73-AD2EE247A491}
	EndProjectSection
EndProject
Project("{8BC9CEB8-8B4A-11D0-8D11-00A0C91BC942}") = "Fractals_random_static", "Fractals_random_static.vcxproj", "{4ADB8576-6D19-3560-A384-B0EDD94EC113}"
	ProjectSection(ProjectDependencies) = postProject
		{63428E63-CBEF-3B96-BBD5-E5827EC3CCE5} = {63428E63-CBEF-3B96-BBD5-E5827EC3CCE5}
		{B0876CB5-12D1-3CE2-AE73-AD2EE247A491} = {B0876CB5-12D1-3CE2-AE73-AD2EE247A491}
	EndProjectSection
EndProject
Project("{8BC9CEB8-8B4A-11D0-8D11-00A0C91BC942}") = "Fractals_static", "Fractals_static.vcxproj", "{C694C147-7CDF-33C2-95B9-4B4715214D18}"
	ProjectSection(ProjectDependencies) = postProject
		{63428E63-CBEF-3B96-BBD5-E5827EC3CCE5} = {63428E63-CBEF-3B96-BBD5-E5827EC3CCE5}
		{B0876CB5-12D1-3CE2-AE73-AD2EE247A491} = {B0876CB5-12D1-3CE2-AE73-AD2EE247A491}
	EndProjectSection
EndProject
Project("{8BC9CEB8-8B4A-11D0-8D11-00A0C91BC942}") = "INSTALL", "INSTALL.vcxproj", "{07F030C8-5DF1-3796-99D6-FF6495F4BFC8}"
	ProjectSection(ProjectDependencies) = postProject
		{628A2981-BE41-3CFB-8108-DE3C215C7628} = {628A2981-BE41-3CFB-8108-DE3C215C7628}
		{63428E63-CBEF-3B96-BBD5-E5827EC3CCE5} = {63428E63-CBEF-3B96-BBD5-E5827EC3CCE5}
	EndProjectSection
EndProject
Project("{8BC9CEB8-8B4A-11D0-8D11-00A0C91BC942}") = "Lorenz_static", "Lorenz_static.vcxproj", "{CB934033-6F71-3002-B6A4-3D6A01E63B74}"
	ProjectSection(ProjectDependencies) = postProject
		{63428E63-CBEF-3B96-BBD5-E5827EC3CCE5} = {63428E63-CBEF-3B96-BBD5-E5827EC3CCE5}
		{B0876CB5-12D1-3CE2-AE73-AD2EE247A491} = {B0876CB5-12D1-3CE2-AE73-AD2EE247A491}
	EndProjectSection
EndProject
Project("{8BC9CEB8-8B4A-11D0-8D11-00A0C91BC942}") = "One_static", "One_static.vcxproj", "{805285A7-A3FC-39DE-9A9B-BC1A37F3B893}"
	ProjectSection(ProjectDependencies) = postProject
		{63428E63-CBEF-3B96-BBD5-E5827EC3CCE5} = {63428E63-CBEF-3B96-BBD5-E5827EC3CCE5}
		{B0876CB5-12D1-3CE2-AE73-AD2EE247A491} = {B0876CB5-12D1-3CE2-AE73-AD2EE247A491}
	EndProjectSection
EndProject
Project("{8BC9CEB8-8B4A-11D0-8D11-00A0C91BC942}") = "Resizer_static", "Resizer_static.vcxproj", "{7A7FA045-3738-3A2E-9701-7AA1F2263331}"
	ProjectSection(ProjectDependencies) = postProject
		{63428E63-CBEF-3B96-BBD5-E5827EC3CCE5} = {63428E63-CBEF-3B96-BBD5-E5827EC3CCE5}
		{B0876CB5-12D1-3CE2-AE73-AD2EE247A491} = {B0876CB5-12D1-3CE2-AE73-AD2EE247A491}
	EndProjectSection
EndProject
Project("{8BC9CEB8-8B4A-11D0-8D11-00A0C91BC942}") = "ZERO_CHECK", "ZERO_CHECK.vcxproj", "{63428E63-CBEF-3B96-BBD5-E5827EC3CCE5}"
	ProjectSection(ProjectDependencies) = postProject
	EndProjectSection
EndProject
Project("{8BC9CEB8-8B4A-11D0-8D11-00A0C91BC942}") = "freeglut_static", "freeglut_static.vcxproj", "{B0876CB5-12D1-3CE2-AE73-AD2EE247A491}"
	ProjectSection(ProjectDependencies) = postProject
		{63428E63-CBEF-3B96-BBD5-E5827EC3CCE5} = {63428E63-CBEF-3B96-BBD5-E5827EC3CCE5}
	EndProjectSection
EndProject
Project("{8BC9CEB8-8B4A-11D0-8D11-00A0C91BC942}") = "multi-touch_static", "multi-touch_static.vcxproj", "{77E9EE02-75C0-34D8-9802-AA93DFB8F0FF}"
	ProjectSection(ProjectDependencies) = postProject
		{63428E63-CBEF-3B96-BBD5-E5827EC3CCE5} = {63428E63-CBEF-3B96-BBD5-E5827EC3CCE5}
		{B0876CB5-12D1-3CE2-AE73-AD2EE247A491} = {B0876CB5-12D1-3CE2-AE73-AD2EE247A491}
	EndProjectSection
EndProject
Project("{8BC9CEB8-8B4A-11D0-8D11-00A0C91BC942}") = "shapes_static", "shapes_static.vcxproj", "{9349D837-7AC0-39AF-BDD2-179E77B2BAAB}"
	ProjectSection(ProjectDependencies) = postProject
		{63428E63-CBEF-3B96-BBD5-E5827EC3CCE5} = {63428E63-CBEF-3B96-BBD5-E5827EC3CCE5}
		{B0876CB5-12D1-3CE2-AE73-AD2EE247A491} = {B0876CB5-12D1-3CE2-AE73-AD2EE247A491}
	EndProjectSection
EndProject
Project("{8BC9CEB8-8B4A-11D0-8D11-00A0C91BC942}") = "smooth_opengl3_static", "smooth_opengl3_static.vcxproj", "{D9745631-8EA9-3F94-A99A-CBEDE4D0C63C}"
	ProjectSection(ProjectDependencies) = postProject
		{63428E63-CBEF-3B96-BBD5-E5827EC3CCE5} = {63428E63-CBEF-3B96-BBD5-E5827EC3CCE5}
		{B0876CB5-12D1-3CE2-AE73-AD2EE247A491} = {B0876CB5-12D1-3CE2-AE73-AD2EE247A491}
	EndProjectSection
EndProject
Project("{8BC9CEB8-8B4A-11D0-8D11-00A0C91BC942}") = "subwin_static", "subwin_static.vcxproj", "{C0905A33-8C0B-3FBF-9EFF-BC7FA4739118}"
	ProjectSection(ProjectDependencies) = postProject
		{63428E63-CBEF-3B96-BBD5-E5827EC3CCE5} = {63428E63-CBEF-3B96-BBD5-E5827EC3CCE5}
		{B0876CB5-12D1-3CE2-AE73-AD2EE247A491} = {B0876CB5-12D1-3CE2-AE73-AD2EE247A491}
	EndProjectSection
EndProject
Project("{8BC9CEB8-8B4A-11D0-8D11-00A0C91BC942}") = "timer_static", "timer_static.vcxproj", "{4FC66F74-322D-355C-9408-84AD3AE091C7}"
	ProjectSection(ProjectDependencies) = postProject
		{63428E63-CBEF-3B96-BBD5-E5827EC3CCE5} = {63428E63-CBEF-3B96-BBD5-E5827EC3CCE5}
		{B0876CB5-12D1-3CE2-AE73-AD2EE247A491} = {B0876CB5-12D1-3CE2-AE73-AD2EE247A491}
	EndProjectSection
EndProject
Global
	GlobalSection(SolutionConfigurationPlatforms) = preSolution
		Debug|Win32 = Debug|Win32
		Release|Win32 = Release|Win32
		MinSizeRel|Win32 = MinSizeRel|Win32
		RelWithDebInfo|Win32 = RelWithDebInfo|Win32
	EndGlobalSection
	GlobalSection(ProjectConfigurationPlatforms) = postSolution
		{628A2981-BE41-3CFB-8108-DE3C215C7628}.Debug|Win32.ActiveCfg = Debug|Win32
		{628A2981-BE41-3CFB-8108-DE3C215C7628}.Debug|Win32.Build.0 = Debug|Win32
		{628A2981-BE41-3CFB-8108-DE3C215C7628}.Release|Win32.ActiveCfg = Release|Win32
		{628A2981-BE41-3CFB-8108-DE3C215C7628}.Release|Win32.Build.0 = Release|Win32
		{628A2981-BE41-3CFB-8108-DE3C215C7628}.MinSizeRel|Win32.ActiveCfg = MinSizeRel|Win32
		{628A2981-BE41-3CFB-8108-DE3C215C7628}.MinSizeRel|Win32.Build.0 = MinSizeRel|Win32
		{628A2981-BE41-3CFB-8108-DE3C215C7628}.RelWithDebInfo|Win32.ActiveCfg = RelWithDebInfo|Win32
		{628A2981-BE41-3CFB-8108-DE3C215C7628}.RelWithDebInfo|Win32.Build.0 = RelWithDebInfo|Win32
		{B34484A1-C127-3642-B70C-BB1B5D9D9CFE}.Debug|Win32.ActiveCfg = Debug|Win32
		{B34484A1-C127-3642-B70C-BB1B5D9D9CFE}.Debug|Win32.Build.0 = Debug|Win32
		{B34484A1-C127-3642-B70C-BB1B5D9D9CFE}.Release|Win32.ActiveCfg = Release|Win32
		{B34484A1-C127-3642-B70C-BB1B5D9D9CFE}.Release|Win32.Build.0 = Release|Win32
		{B34484A1-C127-3642-B70C-BB1B5D9D9CFE}.MinSizeRel|Win32.ActiveCfg = MinSizeRel|Win32
		{B34484A1-C127-3642-B70C-BB1B5D9D9CFE}.MinSizeRel|Win32.Build.0 = MinSizeRel|Win32
		{B34484A1-C127-3642-B70C-BB1B5D9D9CFE}.RelWithDebInfo|Win32.ActiveCfg = RelWithDebInfo|Win32
		{B34484A1-C127-3642-B70C-BB1B5D9D9CFE}.RelWithDebInfo|Win32.Build.0 = RelWithDebInfo|Win32
		{4ADB8576-6D19-3560-A384-B0EDD94EC113}.Debug|Win32.ActiveCfg = Debug|Win32
		{4ADB8576-6D19-3560-A384-B0EDD94EC113}.Debug|Win32.Build.0 = Debug|Win32
		{4ADB8576-6D19-3560-A384-B0EDD94EC113}.Release|Win32.ActiveCfg = Release|Win32
		{4ADB8576-6D19-3560-A384-B0EDD94EC113}.Release|Win32.Build.0 = Release|Win32
		{4ADB8576-6D19-3560-A384-B0EDD94EC113}.MinSizeRel|Win32.ActiveCfg = MinSizeRel|Win32
		{4ADB8576-6D19-3560-A384-B0EDD94EC113}.MinSizeRel|Win32.Build.0 = MinSizeRel|Win32
		{4ADB8576-6D19-3560-A384-B0EDD94EC113}.RelWithDebInfo|Win32.ActiveCfg = RelWithDebInfo|Win32
		{4ADB8576-6D19-3560-A384-B0EDD94EC113}.RelWithDebInfo|Win32.Build.0 = RelWithDebInfo|Win32
		{C694C147-7CDF-33C2-95B9-4B4715214D18}.Debug|Win32.ActiveCfg = Debug|Win32
		{C694C147-7CDF-33C2-95B9-4B4715214D18}.Debug|Win32.Build.0 = Debug|Win32
		{C694C147-7CDF-33C2-95B9-4B4715214D18}.Release|Win32.ActiveCfg = Release|Win32
		{C694C147-7CDF-33C2-95B9-4B4715214D18}.Release|Win32.Build.0 = Release|Win32
		{C694C147-7CDF-33C2-95B9-4B4715214D18}.MinSizeRel|Win32.ActiveCfg = MinSizeRel|Win32
		{C694C147-7CDF-33C2-95B9-4B4715214D18}.MinSizeRel|Win32.Build.0 = MinSizeRel|Win32
		{C694C147-7CDF-33C2-95B9-4B4715214D18}.RelWithDebInfo|Win32.ActiveCfg = RelWithDebInfo|Win32
		{C694C147-7CDF-33C2-95B9-4B4715214D18}.RelWithDebInfo|Win32.Build.0 = RelWithDebInfo|Win32
		{07F030C8-5DF1-3796-99D6-FF6495F4BFC8}.Debug|Win32.ActiveCfg = Debug|Win32
		{07F030C8-5DF1-3796-99D6-FF6495F4BFC8}.Release|Win32.ActiveCfg = Release|Win32
		{07F030C8-5DF1-3796-99D6-FF6495F4BFC8}.MinSizeRel|Win32.ActiveCfg = MinSizeRel|Win32
		{07F030C8-5DF1-3796-99D6-FF6495F4BFC8}.RelWithDebInfo|Win32.ActiveCfg = RelWithDebInfo|Win32
		{CB934033-6F71-3002-B6A4-3D6A01E63B74}.Debug|Win32.ActiveCfg = Debug|Win32
		{CB934033-6F71-3002-B6A4-3D6A01E63B74}.Debug|Win32.Build.0 = Debug|Win32
		{CB934033-6F71-3002-B6A4-3D6A01E63B74}.Release|Win32.ActiveCfg = Release|Win32
		{CB934033-6F71-3002-B6A4-3D6A01E63B74}.Release|Win32.Build.0 = Release|Win32
		{CB934033-6F71-3002-B6A4-3D6A01E63B74}.MinSizeRel|Win32.ActiveCfg = MinSizeRel|Win32
		{CB934033-6F71-3002-B6A4-3D6A01E63B74}.MinSizeRel|Win32.Build.0 = MinSizeRel|Win32
		{CB934033-6F71-3002-B6A4-3D6A01E63B74}.RelWithDebInfo|Win32.ActiveCfg = RelWithDebInfo|Win32
		{CB934033-6F71-3002-B6A4-3D6A01E63B74}.RelWithDebInfo|Win32.Build.0 = RelWithDebInfo|Win32
		{805285A7-A3FC-39DE-9A9B-BC1A37F3B893}.Debug|Win32.ActiveCfg = Debug|Win32
		{805285A7-A3FC-39DE-9A9B-BC1A37F3B893}.Debug|Win32.Build.0 = Debug|Win32
		{805285A7-A3FC-39DE-9A9B-BC1A37F3B893}.Release|Win32.ActiveCfg = Release|Win32
		{805285A7-A3FC-39DE-9A9B-BC1A37F3B893}.Release|Win32.Build.0 = Release|Win32
		{805285A7-A3FC-39DE-9A9B-BC1A37F3B893}.MinSizeRel|Win32.ActiveCfg = MinSizeRel|Win32
		{805285A7-A3FC-39DE-9A9B-BC1A37F3B893}.MinSizeRel|Win32.Build.0 = MinSizeRel|Win32
		{805285A7-A3FC-39DE-9A9B-BC1A37F3B893}.RelWithDebInfo|Win32.ActiveCfg = RelWithDebInfo|Win32
		{805285A7-A3FC-39DE-9A9B-BC1A37F3B893}.RelWithDebInfo|Win32.Build.0 = RelWithDebInfo|Win32
		{7A7FA045-3738-3A2E-9701-7AA1F2263331}.Debug|Win32.ActiveCfg = Debug|Win32
		{7A7FA045-3738-3A2E-9701-7AA1F2263331}.Debug|Win32.Build.0 = Debug|Win32
		{7A7FA045-3738-3A2E-9701-7AA1F2263331}.Release|Win32.ActiveCfg = Release|Win32
		{7A7FA045-3738-3A2E-9701-7AA1F2263331}.Release|Win32.Build.0 = Release|Win32
		{7A7FA045-3738-3A2E-9701-7AA1F2263331}.MinSizeRel|Win32.ActiveCfg = MinSizeRel|Win32
		{7A7FA045-3738-3A2E-9701-7AA1F2263331}.MinSizeRel|Win32.Build.0 = MinSizeRel|Win32
		{7A7FA045-3738-3A2E-9701-7AA1F2263331}.RelWithDebInfo|Win32.ActiveCfg = RelWithDebInfo|Win32
		{7A7FA045-3738-3A2E-9701-7AA1F2263331}.RelWithDebInfo|Win32.Build.0 = RelWithDebInfo|Win32
		{63428E63-CBEF-3B96-BBD5-E5827EC3CCE5}.Debug|Win32.ActiveCfg = Debug|Win32
		{63428E63-CBEF-3B96-BBD5-E5827EC3CCE5}.Debug|Win32.Build.0 = Debug|Win32
		{63428E63-CBEF-3B96-BBD5-E5827EC3CCE5}.Release|Win32.ActiveCfg = Release|Win32
		{63428E63-CBEF-3B96-BBD5-E5827EC3CCE5}.Release|Win32.Build.0 = Release|Win32
		{63428E63-CBEF-3B96-BBD5-E5827EC3CCE5}.MinSizeRel|Win32.ActiveCfg = MinSizeRel|Win32
		{63428E63-CBEF-3B96-BBD5-E5827EC3CCE5}.MinSizeRel|Win32.Build.0 = MinSizeRel|Win32
		{63428E63-CBEF-3B96-BBD5-E5827EC3CCE5}.RelWithDebInfo|Win32.ActiveCfg = RelWithDebInfo|Win32
		{63428E63-CBEF-3B96-BBD5-E5827EC3CCE5}.RelWithDebInfo|Win32.Build.0 = RelWithDebInfo|Win32
		{B0876CB5-12D1-3CE2-AE73-AD2EE247A491}.Debug|Win32.ActiveCfg = Debug|Win32
		{B0876CB5-12D1-3CE2-AE73-AD2EE247A491}.Debug|Win32.Build.0 = Debug|Win32
		{B0876CB5-12D1-3CE2-AE73-AD2EE247A491}.Release|Win32.ActiveCfg = Release|Win32
		{B0876CB5-12D1-3CE2-AE73-AD2EE247A491}.Release|Win32.Build.0 = Release|Win32
		{B0876CB5-12D1-3CE2-AE73-AD2EE247A491}.MinSizeRel|Win32.ActiveCfg = MinSizeRel|Win32
		{B0876CB5-12D1-3CE2-AE73-AD2EE247A491}.MinSizeRel|Win32.Build.0 = MinSizeRel|Win32
		{B0876CB5-12D1-3CE2-AE73-AD2EE247A491}.RelWithDebInfo|Win32.ActiveCfg = RelWithDebInfo|Win32
		{B0876CB5-12D1-3CE2-AE73-AD2EE247A491}.RelWithDebInfo|Win32.Build.0 = RelWithDebInfo|Win32
		{77E9EE02-75C0-34D8-9802-AA93DFB8F0FF}.Debug|Win32.ActiveCfg = Debug|Win32
		{77E9EE02-75C0-34D8-9802-AA93DFB8F0FF}.Debug|Win32.Build.0 = Debug|Win32
		{77E9EE02-75C0-34D8-9802-AA93DFB8F0FF}.Release|Win32.ActiveCfg = Release|Win32
		{77E9EE02-75C0-34D8-9802-AA93DFB8F0FF}.Release|Win32.Build.0 = Release|Win32
		{77E9EE02-75C0-34D8-9802-AA93DFB8F0FF}.MinSizeRel|Win32.ActiveCfg = MinSizeRel|Win32
		{77E9EE02-75C0-34D8-9802-AA93DFB8F0FF}.MinSizeRel|Win32.Build.0 = MinSizeRel|Win32
		{77E9EE02-75C0-34D8-9802-AA93DFB8F0FF}.RelWithDebInfo|Win32.ActiveCfg = RelWithDebInfo|Win32
		{77E9EE02-75C0-34D8-9802-AA93DFB8F0FF}.RelWithDebInfo|Win32.Build.0 = RelWithDebInfo|Win32
		{9349D837-7AC0-39AF-BDD2-179E77B2BAAB}.Debug|Win32.ActiveCfg = Debug|Win32
		{9349D837-7AC0-39AF-BDD2-179E77B2BAAB}.Debug|Win32.Build.0 = Debug|Win32
		{9349D837-7AC0-39AF-BDD2-179E77B2BAAB}.Release|Win32.ActiveCfg = Release|Win32
		{9349D837-7AC0-39AF-BDD2-179E77B2BAAB}.Release|Win32.Build.0 = Release|Win32
		{9349D837-7AC0-39AF-BDD2-179E77B2BAAB}.MinSizeRel|Win32.ActiveCfg = MinSizeRel|Win32
		{9349D837-7AC0-39AF-BDD2-179E77B2BAAB}.MinSizeRel|Win32.Build.0 = MinSizeRel|Win32
		{9349D837-7AC0-39AF-BDD2-179E77B2BAAB}.RelWithDebInfo|Win32.ActiveCfg = RelWithDebInfo|Win32
		{9349D837-7AC0-39AF-BDD2-179E77B2BAAB}.RelWithDebInfo|Win32.Build.0 = RelWithDebInfo|Win32
		{D9745631-8EA9-3F94-A99A-CBEDE4D0C63C}.Debug|Win32.ActiveCfg = Debug|Win32
		{D9745631-8EA9-3F94-A99A-CBEDE4D0C63C}.Debug|Win32.Build.0 = Debug|Win32
		{D9745631-8EA9-3F94-A99A-CBEDE4D0C63C}.Release|Win32.ActiveCfg = Release|Win32
		{D9745631-8EA9-3F94-A99A-CBEDE4D0C63C}.Release|Win32.Build.0 = Release|Win32
		{D9745631-8EA9-3F94-A99A-CBEDE4D0C63C}.MinSizeRel|Win32.ActiveCfg = MinSizeRel|Win32
		{D9745631-8EA9-3F94-A99A-CBEDE4D0C63C}.MinSizeRel|Win32.Build.0 = MinSizeRel|Win32
		{D9745631-8EA9-3F94-A99A-CBEDE4D0C63C}.RelWithDebInfo|Win32.ActiveCfg = RelWithDebInfo|Win32
		{D9745631-8EA9-3F94-A99A-CBEDE4D0C63C}.RelWithDebInfo|Win32.Build.0 = RelWithDebInfo|Win32
		{C0905A33-8C0B-3FBF-9EFF-BC7FA4739118}.Debug|Win32.ActiveCfg = Debug|Win32
		{C0905A33-8C0B-3FBF-9EFF-BC7FA4739118}.Debug|Win32.Build.0 = Debug|Win32
		{C0905A33-8C0B-3FBF-9EFF-BC7FA4739118}.Release|Win32.ActiveCfg = Release|Win32
		{C0905A33-8C0B-3FBF-9EFF-BC7FA4739118}.Release|Win32.Build.0 = Release|Win32
		{C0905A33-8C0B-3FBF-9EFF-BC7FA4739118}.MinSizeRel|Win32.ActiveCfg = MinSizeRel|Win32
		{C0905A33-8C0B-3FBF-9EFF-BC7FA4739118}.MinSizeRel|Win32.Build.0 = MinSizeRel|Win32
		{C0905A33-8C0B-3FBF-9EFF-BC7FA4739118}.RelWithDebInfo|Win32.ActiveCfg = RelWithDebInfo|Win32
		{C0905A33-8C0B-3FBF-9EFF-BC7FA4739118}.RelWithDebInfo|Win32.Build.0 = RelWithDebInfo|Win32
		{4FC66F74-322D-355C-9408-84AD3AE091C7}.Debug|Win32.ActiveCfg = Debug|Win32
		{4FC66F74-322D-355C-9408-84AD3AE091C7}.Debug|Win32.Build.0 = Debug|Win32
		{4FC66F74-322D-355C-9408-84AD3AE091C7}.Release|Win32.ActiveCfg = Release|Win32
		{4FC66F74-322D-355C-9408-84AD3AE091C7}.Release|Win32.Build.0 = Release|Win32
		{4FC66F74-322D-355C-9408-84AD3AE091C7}.MinSizeRel|Win32.ActiveCfg = MinSizeRel|Win32
		{4FC66F74-322D-355C-9408-84AD3AE091C7}.MinSizeRel|Win32.Build.0 = MinSizeRel|Win32
		{4FC66F74-322D-355C-9408-84AD3AE091C7}.RelWithDebInfo|Win32.ActiveCfg = RelWithDebInfo|Win32
		{4FC66F74-322D-355C-9408-84AD3AE091C7}.RelWithDebInfo|Win32.Build.0 = RelWithDebInfo|Win32
	EndGlobalSection
	GlobalSection(ExtensibilityGlobals) = postSolution
	EndGlobalSection
	GlobalSection(ExtensibilityAddIns) = postSolution
	EndGlobalSection
EndGlobal
