<?xml version="1.0" encoding="UTF-8"?>
<Project ToolsVersion="12.0" xmlns="http://schemas.microsoft.com/developer/msbuild/2003">
  <ItemGroup>
    <ClCompile Include="F:\dev\codingDojo-2016-arkanoid\freeglut-3.0.0\progs\demos\shapes\shapes.c">
      <Filter>Source Files</Filter>
    </ClCompile>
    <ClCompile Include="F:\dev\codingDojo-2016-arkanoid\freeglut-3.0.0\progs\demos\shapes\glmatrix.c">
      <Filter>Source Files</Filter>
    </ClCompile>
  </ItemGroup>
  <ItemGroup>
    <ClInclude Include="F:\dev\codingDojo-2016-arkanoid\freeglut-3.0.0\progs\demos\shapes\glmatrix.h">
      <Filter>Header Files</Filter>
    </ClInclude>
  </ItemGroup>
  <ItemGroup>
    <CustomBuild Include="F:\dev\codingDojo-2016-arkanoid\freeglut-3.0.0\CMakeLists.txt" />
  </ItemGroup>
  <ItemGroup>
    <Filter Include="Source Files">
      <UniqueIdentifier>{7AC7C425-344B-38E3-B2F4-797B4850180B}</UniqueIdentifier>
    </Filter>
    <Filter Include="Header Files">
      <UniqueIdentifier>{D8FBE8F8-D5C1-3C7E-80EB-1F8D54B2569F}</UniqueIdentifier>
    </Filter>
  </ItemGroup>
</Project>
